
Microsoft Visual Studio Solution File, Format Version 12.00
# Visual Studio Version 17
VisualStudioVersion = 17.1.32421.90
MinimumVisualStudioVersion = 10.0.40219.1
Project("{FAE04EC0-301F-11D3-BF4B-00C04F79EFBC}") = "ScMaSy_ice", "ScMaSy_ice\ScMaSy_ice.csproj", "{FF47C591-0B2C-485C-8F05-877269E3A787}"
EndProject
Global
	GlobalSection(SolutionConfigurationPlatforms) = preSolution
		Debug|Any CPU = Debug|Any CPU
		Release|Any CPU = Release|Any CPU
	EndGlobalSection
	GlobalSection(ProjectConfigurationPlatforms) = postSolution
		{FF47C591-0B2C-485C-8F05-877269E3A787}.Debug|Any CPU.ActiveCfg = Debug|Any CPU
		{FF47C591-0B2C-485C-8F05-877269E3A787}.Debug|Any CPU.Build.0 = Debug|Any CPU
		{FF47C591-0B2C-485C-8F05-877269E3A787}.Release|Any CPU.ActiveCfg = Release|Any CPU
		{FF47C591-0B2C-485C-8F05-877269E3A787}.Release|Any CPU.Build.0 = Release|Any CPU
	EndGlobalSection
	GlobalSection(SolutionProperties) = preSolution
		HideSolutionNode = FALSE
	EndGlobalSection
	GlobalSection(ExtensibilityGlobals) = postSolution
		SolutionGuid = {B3ED5A3E-7C55-494F-9750-C2936807B387}
	EndGlobalSection
EndGlobal
